<Solution>
  <Folder Name="/Solution Items/">
    <File Path="Directory.Build.props" />
    <File Path="NuGet.config" />
  </Folder>
  <Project Path="Lombiq.Hosting.Tenants.Admin.Login/Lombiq.Hosting.Tenants.Admin.Login.csproj" />
  <Project Path="Lombiq.Hosting.Tenants.EmailQuotaManagement.Tests.UI/Lombiq.Hosting.Tenants.EmailQuotaManagement.Tests.UI.csproj" />
  <Project Path="Lombiq.Hosting.Tenants.EmailQuotaManagement/Lombiq.Hosting.Tenants.EmailQuotaManagement.csproj" />
  <Project Path="Lombiq.Hosting.Tenants.EnvironmentRobots.Tests.UI/Lombiq.Hosting.Tenants.EnvironmentRobots.Tests.UI.csproj" />
  <Project Path="Lombiq.Hosting.Tenants.EnvironmentRobots/Lombiq.Hosting.Tenants.EnvironmentRobots.csproj" />
  <Project Path="Lombiq.Hosting.Tenants.FeaturesGuard.Tests.UI/Lombiq.Hosting.Tenants.FeaturesGuard.Tests.UI.csproj" />
  <Project Path="Lombiq.Hosting.Tenants.FeaturesGuard/Lombiq.Hosting.Tenants.FeaturesGuard.csproj" />
  <Project Path="Lombiq.Hosting.Tenants.IdleTenantManagement.Tests.UI/Lombiq.Hosting.Tenants.IdleTenantManagement.Tests.UI.csproj" />
  <Project Path="Lombiq.Hosting.Tenants.IdleTenantManagement/Lombiq.Hosting.Tenants.IdleTenantManagement.csproj" />
  <Project Path="Lombiq.Hosting.Tenants.Maintenance.Tests.UI/Lombiq.Hosting.Tenants.Maintenance.Tests.UI.csproj" />
  <Project Path="Lombiq.Hosting.Tenants.Maintenance/Lombiq.Hosting.Tenants.Maintenance.csproj" />
  <Project Path="Lombiq.Hosting.Tenants.Management.Tests.UI/Lombiq.Hosting.Tenants.Management.Tests.UI.csproj" />
  <Project Path="Lombiq.Hosting.Tenants.Management/Lombiq.Hosting.Tenants.Management.csproj" />
  <Project Path="Lombiq.Hosting.Tenants.MediaStorageManagement.Tests.UI/Lombiq.Hosting.Tenants.MediaStorageManagement.Tests.UI.csproj" />
  <Project Path="Lombiq.Hosting.Tenants.MediaStorageManagement/Lombiq.Hosting.Tenants.MediaStorageManagement.csproj" />
</Solution>
