
Microsoft Visual Studio Solution File, Format Version 12.00
# Visual Studio Version 17
VisualStudioVersion = 17.0.32126.317
MinimumVisualStudioVersion = 10.0.40219.1
Project("{9A19103F-16F7-4668-BE54-9A1E7A4F7556}") = "Lombiq.Hosting.Tenants.Admin.Login", "Lombiq.Hosting.Tenants.Admin.Login\Lombiq.Hosting.Tenants.Admin.Login.csproj", "{B08BD764-C63F-4A56-9B61-3EB690BC1730}"
EndProject
Project("{9A19103F-16F7-4668-BE54-9A1E7A4F7556}") = "Lombiq.Hosting.Tenants.Management", "Lombiq.Hosting.Tenants.Management\Lombiq.Hosting.Tenants.Management.csproj", "{0EEA3C03-E945-423B-A099-844942D90BAF}"
EndProject
Project("{9A19103F-16F7-4668-BE54-9A1E7A4F7556}") = "Lombiq.Hosting.Tenants.FeaturesGuard", "Lombiq.Hosting.MultiTenancy.Tenants\Lombiq.Hosting.Tenants.FeaturesGuard.csproj", "{3BFDDA84-E0AE-485A-851D-E27592772ADB}"
EndProject
Project("{9A19103F-16F7-4668-BE54-9A1E7A4F7556}") = "Lombiq.Hosting.Tenants.IdleTenantManagement", "Lombiq.Hosting.Tenants.IdleTenantManagement\Lombiq.Hosting.Tenants.IdleTenantManagement.csproj", "{CE2B8933-B900-4243-B7B3-FB4A66AF0681}"
EndProject
Project("{9A19103F-16F7-4668-BE54-9A1E7A4F7556}") = "Lombiq.Hosting.Tenants.IdleTenantManagement.Tests.UI", "Lombiq.Hosting.Tenants.IdleTenantManagement.Tests.UI\Lombiq.Hosting.Tenants.IdleTenantManagement.Tests.UI.csproj", "{E2F50048-399C-4B51-848C-85D35C938B6A}"
EndProject
Project("{9A19103F-16F7-4668-BE54-9A1E7A4F7556}") = "Lombiq.Hosting.Tenants.FeaturesGuard.Tests.UI", "Lombiq.Hosting.MultiTenancy.Tenants.Tests.UI\Lombiq.Hosting.Tenants.FeaturesGuard.Tests.UI.csproj", "{BC3DE841-E400-40C5-99C1-96B9299C9B04}"
EndProject
Global
	GlobalSection(SolutionConfigurationPlatforms) = preSolution
		Debug|Any CPU = Debug|Any CPU
		Release|Any CPU = Release|Any CPU
	EndGlobalSection
	GlobalSection(ProjectConfigurationPlatforms) = postSolution
		{B08BD764-C63F-4A56-9B61-3EB690BC1730}.Debug|Any CPU.ActiveCfg = Debug|Any CPU
		{B08BD764-C63F-4A56-9B61-3EB690BC1730}.Debug|Any CPU.Build.0 = Debug|Any CPU
		{B08BD764-C63F-4A56-9B61-3EB690BC1730}.Release|Any CPU.ActiveCfg = Release|Any CPU
		{B08BD764-C63F-4A56-9B61-3EB690BC1730}.Release|Any CPU.Build.0 = Release|Any CPU
		{0EEA3C03-E945-423B-A099-844942D90BAF}.Debug|Any CPU.ActiveCfg = Debug|Any CPU
		{0EEA3C03-E945-423B-A099-844942D90BAF}.Debug|Any CPU.Build.0 = Debug|Any CPU
		{0EEA3C03-E945-423B-A099-844942D90BAF}.Release|Any CPU.ActiveCfg = Release|Any CPU
		{0EEA3C03-E945-423B-A099-844942D90BAF}.Release|Any CPU.Build.0 = Release|Any CPU
		{3BFDDA84-E0AE-485A-851D-E27592772ADB}.Debug|Any CPU.ActiveCfg = Debug|Any CPU
		{3BFDDA84-E0AE-485A-851D-E27592772ADB}.Debug|Any CPU.Build.0 = Debug|Any CPU
		{3BFDDA84-E0AE-485A-851D-E27592772ADB}.Release|Any CPU.ActiveCfg = Release|Any CPU
		{3BFDDA84-E0AE-485A-851D-E27592772ADB}.Release|Any CPU.Build.0 = Release|Any CPU
		{CE2B8933-B900-4243-B7B3-FB4A66AF0681}.Debug|Any CPU.ActiveCfg = Debug|Any CPU
		{CE2B8933-B900-4243-B7B3-FB4A66AF0681}.Debug|Any CPU.Build.0 = Debug|Any CPU
		{CE2B8933-B900-4243-B7B3-FB4A66AF0681}.Release|Any CPU.ActiveCfg = Release|Any CPU
		{CE2B8933-B900-4243-B7B3-FB4A66AF0681}.Release|Any CPU.Build.0 = Release|Any CPU
		{E2F50048-399C-4B51-848C-85D35C938B6A}.Debug|Any CPU.ActiveCfg = Debug|Any CPU
		{E2F50048-399C-4B51-848C-85D35C938B6A}.Debug|Any CPU.Build.0 = Debug|Any CPU
		{E2F50048-399C-4B51-848C-85D35C938B6A}.Release|Any CPU.ActiveCfg = Release|Any CPU
		{E2F50048-399C-4B51-848C-85D35C938B6A}.Release|Any CPU.Build.0 = Release|Any CPU
		{BC3DE841-E400-40C5-99C1-96B9299C9B04}.Debug|Any CPU.ActiveCfg = Debug|Any CPU
		{BC3DE841-E400-40C5-99C1-96B9299C9B04}.Debug|Any CPU.Build.0 = Debug|Any CPU
		{BC3DE841-E400-40C5-99C1-96B9299C9B04}.Release|Any CPU.ActiveCfg = Release|Any CPU
		{BC3DE841-E400-40C5-99C1-96B9299C9B04}.Release|Any CPU.Build.0 = Release|Any CPU
	EndGlobalSection
	GlobalSection(SolutionProperties) = preSolution
		HideSolutionNode = FALSE
	EndGlobalSection
	GlobalSection(ExtensibilityGlobals) = postSolution
		SolutionGuid = {90B82673-1604-4EEE-B74E-11AE2B4AD8D3}
	EndGlobalSection
EndGlobal
